
Microsoft Visual Studio Solution File, Format Version 12.00
# Visual Studio Version 17
VisualStudioVersion = 17.7.34221.43
MinimumVisualStudioVersion = 10.0.40219.1
Project("{9A19103F-16F7-4668-BE54-9A1E7A4F7556}") = "SolidBoxGE", "SolidBox.Engine\SolidBoxGE.csproj", "{B3F9C277-AFC2-4D1A-9D3E-D80227D7FEA3}"
EndProject
Project("{9A19103F-16F7-4668-BE54-9A1E7A4F7556}") = "Test", "Test\Test.csproj", "{32B78D98-137E-454D-BBF1-99C34B972BEB}"
EndProject
Global
	GlobalSection(SolutionConfigurationPlatforms) = preSolution
		Debug|Any CPU = Debug|Any CPU
		Release|Any CPU = Release|Any CPU
	EndGlobalSection
	GlobalSection(ProjectConfigurationPlatforms) = postSolution
		{B3F9C277-AFC2-4D1A-9D3E-D80227D7FEA3}.Debug|Any CPU.ActiveCfg = Debug|Any CPU
		{B3F9C277-AFC2-4D1A-9D3E-D80227D7FEA3}.Debug|Any CPU.Build.0 = Debug|Any CPU
		{B3F9C277-AFC2-4D1A-9D3E-D80227D7FEA3}.Release|Any CPU.ActiveCfg = Release|Any CPU
		{B3F9C277-AFC2-4D1A-9D3E-D80227D7FEA3}.Release|Any CPU.Build.0 = Release|Any CPU
		{32B78D98-137E-454D-BBF1-99C34B972BEB}.Debug|Any CPU.ActiveCfg = Debug|Any CPU
		{32B78D98-137E-454D-BBF1-99C34B972BEB}.Debug|Any CPU.Build.0 = Debug|Any CPU
		{32B78D98-137E-454D-BBF1-99C34B972BEB}.Release|Any CPU.ActiveCfg = Release|Any CPU
		{32B78D98-137E-454D-BBF1-99C34B972BEB}.Release|Any CPU.Build.0 = Release|Any CPU
	EndGlobalSection
	GlobalSection(SolutionProperties) = preSolution
		HideSolutionNode = FALSE
	EndGlobalSection
	GlobalSection(ExtensibilityGlobals) = postSolution
		SolutionGuid = {5CA63D0A-179A-4E7F-9223-864E7077D6C2}
	EndGlobalSection
EndGlobal
